{
    "_readme": [
        "This file locks the dependencies of your project to a known state",
        "Read more about it at https://getcomposer.org/doc/01-basic-usage.md#installing-dependencies",
        "This file is @generated automatically"
    ],
    "content-hash": "df392aa7acaa3d55c20ce3421758a81a",
    "packages": [
        {
            "name": "spatie/array-to-xml",
            "version": "3.0.0",
            "source": {
                "type": "git",
                "url": "https://github.com/spatie/array-to-xml.git",
                "reference": "360a0787faf8df8f767b05bde42f917d0640bd41"
            },
            "dist": {
                "type": "zip",
                "url": "https://api.github.com/repos/spatie/array-to-xml/zipball/360a0787faf8df8f767b05bde42f917d0640bd41",
                "reference": "360a0787faf8df8f767b05bde42f917d0640bd41",
                "shasum": ""
            },
            "require": {
                "ext-dom": "*",
                "php": "^8.0"
            },
            "require-dev": {
                "mockery/mockery": "^1.2",
                "phpunit/phpunit": "^9.5",
                "spatie/phpunit-snapshot-assertions": "^4.2"
            },
            "type": "library",
            "autoload": {
                "psr-4": {
                    "Spatie\\ArrayToXml\\": "src"
                }
            },
            "notification-url": "https://packagist.org/downloads/",
            "license": [
                "MIT"
            ],
            "authors": [
                {
                    "name": "Freek Van der Herten",
                    "email": "freek@spatie.be",
                    "homepage": "https://freek.dev",
                    "role": "Developer"
                }
            ],
            "description": "Convert an array to xml",
            "homepage": "https://github.com/spatie/array-to-xml",
            "keywords": [
                "array",
                "convert",
                "xml"
            ],
            "support": {
                "issues": "https://github.com/spatie/array-to-xml/issues",
                "source": "https://github.com/spatie/array-to-xml/tree/3.0.0"
            },
            "funding": [
                {
                    "url": "https://spatie.be/open-source/support-us",
                    "type": "custom"
                },
                {
                    "url": "https://github.com/spatie",
                    "type": "github"
                }
            ],
            "time": "2021-04-23T11:54:50+00:00"
        }
    ],
    "packages-dev": [],
    "aliases": [],
    "minimum-stability": "stable",
    "stability-flags": [],
    "prefer-stable": false,
    "prefer-lowest": false,
    "platform": [],
    "platform-dev": [],
    "plugin-api-version": "2.0.0"
}
